
Microsoft Visual Studio Solution File, Format Version 12.00
# Visual Studio 15
VisualStudioVersion = 15.0.28307.329
MinimumVisualStudioVersion = 10.0.40219.1
Project("{FAE04EC0-301F-11D3-BF4B-00C04F79EFBC}") = "WindowsFormsApp3", "WindowsFormsApp3\WindowsFormsApp3.csproj", "{19F9E929-1D2A-4F37-B816-9242E4E94607}"
EndProject
Global
	GlobalSection(SolutionConfigurationPlatforms) = preSolution
		Debug|Any CPU = Debug|Any CPU
		Release|Any CPU = Release|Any CPU
	EndGlobalSection
	GlobalSection(ProjectConfigurationPlatforms) = postSolution
		{19F9E929-1D2A-4F37-B816-9242E4E94607}.Debug|Any CPU.ActiveCfg = Debug|Any CPU
		{19F9E929-1D2A-4F37-B816-9242E4E94607}.Debug|Any CPU.Build.0 = Debug|Any CPU
		{19F9E929-1D2A-4F37-B816-9242E4E94607}.Release|Any CPU.ActiveCfg = Release|Any CPU
		{19F9E929-1D2A-4F37-B816-9242E4E94607}.Release|Any CPU.Build.0 = Release|Any CPU
	EndGlobalSection
	GlobalSection(SolutionProperties) = preSolution
		HideSolutionNode = FALSE
	EndGlobalSection
	GlobalSection(ExtensibilityGlobals) = postSolution
		SolutionGuid = {DF60E3B0-EB5F-45E4-A196-F8BAA9F5471B}
	EndGlobalSection
EndGlobal
